<?xml version="1.0" encoding="utf-8"?>
<Project ToolsVersion="4.0" xmlns="http://schemas.microsoft.com/developer/msbuild/2003">
  <ItemGroup>
    <Filter Include="libraries">
      <UniqueIdentifier>{4FC737F1-C7A5-4376-A066-2A32D752A2FF}</UniqueIdentifier>
      <Extensions>cpp;c;cc;cxx;c++;cppm;ixx;def;odl;idl;hpj;bat;asm;asmx</Extensions>
    </Filter>
    <Filter Include="libraries\fastgltf">
      <UniqueIdentifier>{a53f71aa-4519-4d09-aad3-b79abee675af}</UniqueIdentifier>
    </Filter>
    <Filter Include="libraries\imgui">
      <UniqueIdentifier>{63200df0-ef1e-48f6-aa55-56736db24ddc}</UniqueIdentifier>
    </Filter>
    <Filter Include="libraries\simdjson">
      <UniqueIdentifier>{af7b7d62-abde-4a42-b7fa-ca4b84bb297b}</UniqueIdentifier>
    </Filter>
    <Filter Include="libraries\vkbootstrap">
      <UniqueIdentifier>{08aad50f-6288-4d81-861b-926229b36482}</UniqueIdentifier>
    </Filter>
    <Filter Include="shaders">
      <UniqueIdentifier>{2887c6a3-f5ac-4cc1-94e0-3334a67f600f}</UniqueIdentifier>
    </Filter>
    <Filter Include="shaders\include">
      <UniqueIdentifier>{192fcfe0-d4c5-4694-8f87-773614070efa}</UniqueIdentifier>
    </Filter>
    <Filter Include="engine">
      <UniqueIdentifier>{418bd2db-a9cc-4e2d-82d7-0048a6a7f83f}</UniqueIdentifier>
    </Filter>
    <Filter Include="engine\vulkan">
      <UniqueIdentifier>{a6eff8eb-8d49-43af-bfb8-1ec8fbb39abe}</UniqueIdentifier>
    </Filter>
    <Filter Include="engine\core">
      <UniqueIdentifier>{a3bc0f92-3731-4616-b770-2cbd37c26468}</UniqueIdentifier>
    </Filter>
    <Filter Include="engine\utils">
      <UniqueIdentifier>{336a8811-8d68-4432-9b62-f4025a85bc01}</UniqueIdentifier>
    </Filter>
    <Filter Include="libraries\volk">
      <UniqueIdentifier>{ed0e98eb-e9a9-4d2b-aa18-c1148e2a7f8a}</UniqueIdentifier>
    </Filter>
    <Filter Include="shaders\environment">
      <UniqueIdentifier>{3de749b1-e2cd-4bc8-8f30-1ed6308a8170}</UniqueIdentifier>
    </Filter>
  </ItemGroup>
  <ItemGroup>
    <ClCompile Include="src\fastgltf\fastgltf.cpp">
      <Filter>libraries\fastgltf</Filter>
    </ClCompile>
    <ClCompile Include="src\fastgltf\fastgltf.ixx">
      <Filter>libraries\fastgltf</Filter>
    </ClCompile>
    <ClCompile Include="src\fastgltf\io.cpp">
      <Filter>libraries\fastgltf</Filter>
    </ClCompile>
    <ClCompile Include="src\fastgltf\base64.cpp">
      <Filter>libraries\fastgltf</Filter>
    </ClCompile>
    <ClCompile Include="src\simdjson\simdjson.cpp">
      <Filter>libraries\simdjson</Filter>
    </ClCompile>
    <ClCompile Include="src\vkbootstrap\VkBootstrap.cpp">
      <Filter>libraries\vkbootstrap</Filter>
    </ClCompile>
    <ClCompile Include="src\engine\core\camera.cpp">
      <Filter>engine\core</Filter>
    </ClCompile>
    <ClCompile Include="src\engine\core\acceleration_structures.cpp">
      <Filter>engine\core</Filter>
    </ClCompile>
    <ClCompile Include="src\engine\utils\time_utils.cpp">
      <Filter>engine\utils</Filter>
    </ClCompile>
    <ClCompile Include="src\engine\utils\input.cpp">
      <Filter>engine\utils</Filter>
    </ClCompile>
    <ClCompile Include="src\engine\main.cpp">
      <Filter>engine</Filter>
    </ClCompile>
    <ClCompile Include="src\engine\vulkan\vk_initializers.cpp">
      <Filter>engine\vulkan</Filter>
    </ClCompile>
    <ClCompile Include="src\engine\vulkan\vk_loader.cpp">
      <Filter>engine\vulkan</Filter>
    </ClCompile>
    <ClCompile Include="src\engine\vulkan\vk_pipelines.cpp">
      <Filter>engine\vulkan</Filter>
    </ClCompile>
    <ClCompile Include="src\engine\vulkan\vk_descriptor_buffer.cpp">
      <Filter>engine\vulkan</Filter>
    </ClCompile>
    <ClCompile Include="src\engine\vulkan\vk_descriptors.cpp">
      <Filter>engine\vulkan</Filter>
    </ClCompile>
    <ClCompile Include="src\engine\vulkan\vk_engine.cpp">
      <Filter>engine\vulkan</Filter>
    </ClCompile>
    <ClCompile Include="src\engine\vulkan\vk_images.cpp">
      <Filter>engine\vulkan</Filter>
    </ClCompile>
    <ClCompile Include="src\engine\utils\utils.cpp">
      <Filter>engine\utils</Filter>
    </ClCompile>
    <ClCompile Include="src\engine\vulkan\vk_types.cpp">
      <Filter>engine\vulkan</Filter>
    </ClCompile>
    <ClCompile Include="include\imgui\imgui_demo.cpp">
      <Filter>libraries\imgui</Filter>
    </ClCompile>
    <ClCompile Include="include\imgui\imgui_draw.cpp">
      <Filter>libraries\imgui</Filter>
    </ClCompile>
    <ClCompile Include="include\imgui\imgui_tables.cpp">
      <Filter>libraries\imgui</Filter>
    </ClCompile>
    <ClCompile Include="include\imgui\imgui_widgets.cpp">
      <Filter>libraries\imgui</Filter>
    </ClCompile>
    <ClCompile Include="include\imgui\imgui.cpp">
      <Filter>libraries\imgui</Filter>
    </ClCompile>
    <ClCompile Include="include\imgui\backends\imgui_impl_sdl2.cpp">
      <Filter>libraries\imgui</Filter>
    </ClCompile>
    <ClCompile Include="include\imgui\backends\imgui_impl_vulkan.cpp">
      <Filter>libraries\imgui</Filter>
    </ClCompile>
    <ClCompile Include="include\volk\volk.c">
      <Filter>libraries\volk</Filter>
    </ClCompile>
    <ClCompile Include="src\engine\vulkan\vk_draw_structure.cpp">
      <Filter>engine\vulkan</Filter>
    </ClCompile>
    <ClCompile Include="src\engine\vulkan\vk_constructors.cpp">
      <Filter>engine\vulkan</Filter>
    </ClCompile>
    <ClCompile Include="src\engine\vulkan\vk_environment_map.cpp">
      <Filter>engine\vulkan</Filter>
    </ClCompile>
  </ItemGroup>
  <ItemGroup>
    <ClInclude Include="src\engine\core\acceleration_structures.h">
      <Filter>engine\core</Filter>
    </ClInclude>
    <ClInclude Include="src\engine\core\camera.h">
      <Filter>engine\core</Filter>
    </ClInclude>
    <ClInclude Include="src\engine\utils\input.h">
      <Filter>engine\utils</Filter>
    </ClInclude>
    <ClInclude Include="src\engine\utils\time_utils.h">
      <Filter>engine\utils</Filter>
    </ClInclude>
    <ClInclude Include="src\engine\will_engine.h">
      <Filter>engine</Filter>
    </ClInclude>
    <ClInclude Include="src\engine\vulkan\vk_initializers.h">
      <Filter>engine\vulkan</Filter>
    </ClInclude>
    <ClInclude Include="src\engine\vulkan\vk_loader.h">
      <Filter>engine\vulkan</Filter>
    </ClInclude>
    <ClInclude Include="src\engine\vulkan\vk_pipelines.h">
      <Filter>engine\vulkan</Filter>
    </ClInclude>
    <ClInclude Include="src\engine\vulkan\vk_types.h">
      <Filter>engine\vulkan</Filter>
    </ClInclude>
    <ClInclude Include="src\engine\vulkan\vk_descriptor_buffer.h">
      <Filter>engine\vulkan</Filter>
    </ClInclude>
    <ClInclude Include="src\engine\vulkan\vk_descriptors.h">
      <Filter>engine\vulkan</Filter>
    </ClInclude>
    <ClInclude Include="src\engine\vulkan\vk_engine.h">
      <Filter>engine\vulkan</Filter>
    </ClInclude>
    <ClInclude Include="src\engine\vulkan\vk_images.h">
      <Filter>engine\vulkan</Filter>
    </ClInclude>
    <ClInclude Include="src\engine\utils\utils.h">
      <Filter>engine\utils</Filter>
    </ClInclude>
    <ClInclude Include="src\engine\vulkan\vk_draw_structure.h">
      <Filter>engine\vulkan</Filter>
    </ClInclude>
    <ClInclude Include="src\engine\vulkan\vk_constructors.h">
      <Filter>engine\vulkan</Filter>
    </ClInclude>
    <ClInclude Include="src\engine\vulkan\vk_environment_map.h">
      <Filter>engine\vulkan</Filter>
    </ClInclude>
  </ItemGroup>
  <ItemGroup>
    <None Include="compile_shaders.sh">
      <Filter>shaders</Filter>
    </None>
    <None Include="shaders\include\input_structures.glsl">
      <Filter>shaders\include</Filter>
    </None>
    <None Include="shaders\pbr.frag">
      <Filter>shaders</Filter>
    </None>
    <None Include="shaders\pbr.vert">
      <Filter>shaders</Filter>
    </None>
    <None Include="shaders\gpu_cull.comp">
      <Filter>shaders</Filter>
    </None>
    <None Include="shaders\include\indirect_input_structures.glsl">
      <Filter>shaders\include</Filter>
    </None>
    <None Include="shaders\environment\environment.vert">
      <Filter>shaders\environment</Filter>
    </None>
    <None Include="shaders\environment\equitoface.comp">
      <Filter>shaders\environment</Filter>
    </None>
    <None Include="shaders\environment\brdflut.comp">
      <Filter>shaders\environment</Filter>
    </None>
    <None Include="shaders\environment\cubetodiffirra.comp">
      <Filter>shaders\environment</Filter>
    </None>
    <None Include="shaders\environment\cubetospecprefilter.comp">
      <Filter>shaders\environment</Filter>
    </None>
    <None Include="shaders\environment\environment.frag">
      <Filter>shaders\environment</Filter>
    </None>
    <None Include="shaders\include\environment_include.glsl">
      <Filter>shaders\include</Filter>
    </None>
  </ItemGroup>
</Project>